
Microsoft Visual Studio Solution File, Format Version 12.00
Project("{FAE04EC0-301F-11D3-BF4B-00C04F79EFBC}") = "SFA.DAS.QnA.Config.Web", "SFA.DAS.QnA.Config.Web\SFA.DAS.QnA.Config.Web.csproj", "{DDE0FFDA-8440-4729-B455-4AB4BFB0EAD8}"
EndProject
Global
	GlobalSection(SolutionConfigurationPlatforms) = preSolution
		Debug|Any CPU = Debug|Any CPU
		Release|Any CPU = Release|Any CPU
	EndGlobalSection
	GlobalSection(ProjectConfigurationPlatforms) = postSolution
		{DDE0FFDA-8440-4729-B455-4AB4BFB0EAD8}.Debug|Any CPU.ActiveCfg = Debug|Any CPU
		{DDE0FFDA-8440-4729-B455-4AB4BFB0EAD8}.Debug|Any CPU.Build.0 = Debug|Any CPU
		{DDE0FFDA-8440-4729-B455-4AB4BFB0EAD8}.Release|Any CPU.ActiveCfg = Release|Any CPU
		{DDE0FFDA-8440-4729-B455-4AB4BFB0EAD8}.Release|Any CPU.Build.0 = Release|Any CPU
	EndGlobalSection
EndGlobal
